dependencies:
- name: nginx-ingress
  repository: https://kubernetes-charts.storage.googleapis.com
  version: 1.36.3
- name: cert-manager
  repository: https://charts.jetstack.io
  version: ~0.14.2
- name: metrics-server
  repository: https://kubernetes-charts.storage.googleapis.com
  version: 2.11.1
- name: prometheus
  repository: https://kubernetes-charts.storage.googleapis.com/
  version: 11.1.6
- name: grafana
  repository: https://kubernetes-charts.storage.googleapis.com/
  version: 5.0.26
- name: verdaccio
  repository: https://charts.verdaccio.org
  version: 0.10.0
- name: git-server
  repository: http://localhost:5007
  version: 0.1.2
- name: elasticsearch
  repository: https://helm.elastic.co
  version: 7.8.0
- name: kibana
  repository: https://helm.elastic.co
  version: 7.8.0
- name: filebeat
  repository: https://helm.elastic.co
  version: 7.8.0
digest: sha256:05b870cd71bf779773b45c1c9d8a78936a699b849e6bcdec112f0d82f2621580
generated: "2020-07-13T18:54:39.657284+01:00"
