dependencies:
- name: metrics-server
  repository: https://kubernetes-charts.storage.googleapis.com
  version: 2.11.1
- name: prometheus
  repository: https://kubernetes-charts.storage.googleapis.com/
  version: 11.1.6
- name: grafana
  repository: https://kubernetes-charts.storage.googleapis.com/
  version: 5.0.26
digest: sha256:7425a151f929c2ad892f32f9b17649081ef9400ce442aa532f8170a54e7e2fce
generated: "2020-07-14T06:34:48.434786+01:00"
