dependencies:
- name: nginx-ingress
  repository: https://kubernetes-charts.storage.googleapis.com
  version: 1.36.3
- name: metrics-server
  repository: https://kubernetes-charts.storage.googleapis.com
  version: 2.11.1
digest: sha256:015daeb45fead6b05b7527a0c7cca21e4d78e2cfd77547a0f53ecf0292d20d63
generated: "2020-07-30T07:29:34.950419+01:00"
