dependencies:
- name: elasticsearch
  repository: https://helm.elastic.co
  version: 7.8.0
- name: kibana
  repository: https://helm.elastic.co
  version: 7.8.0
- name: filebeat
  repository: https://helm.elastic.co
  version: 7.8.0
digest: sha256:add7784148599b3e422bc0bbac76d5f94beb640dc13660791989eb00ec47a692
generated: "2020-07-14T06:42:15.321132+01:00"
